// !$*UTF8*$!
{
	archiveVersion = 1;
	classes = {
	};
	objectVersion = 50;
	objects = {

/* Begin PBXBuildFile section */
		C6B75318250BB6F400D1AFED /* AppDelegate.swift in Sources */ = {isa = PBXBuildFile; fileRef = C6B75317250BB6F400D1AFED /* AppDelegate.swift */; };
		C6B7531A250BB6F400D1AFED /* SceneDelegate.swift in Sources */ = {isa = PBXBuildFile; fileRef = C6B75319250BB6F400D1AFED /* SceneDelegate.swift */; };
		C6B7531F250BB6F400D1AFED /* Main.storyboard in Resources */ = {isa = PBXBuildFile; fileRef = C6B7531D250BB6F400D1AFED /* Main.storyboard */; };
		C6B75321250BB6F500D1AFED /* Assets.xcassets in Resources */ = {isa = PBXBuildFile; fileRef = C6B75320250BB6F500D1AFED /* Assets.xcassets */; };
		C6B75324250BB6F500D1AFED /* LaunchScreen.storyboard in Resources */ = {isa = PBXBuildFile; fileRef = C6B75322250BB6F500D1AFED /* LaunchScreen.storyboard */; };
		C6B7532E250BB8F100D1AFED /* EmojiTableViewController.swift in Sources */ = {isa = PBXBuildFile; fileRef = C6B7532D250BB8F100D1AFED /* EmojiTableViewController.swift */; };
/* End PBXBuildFile section */

/* Begin PBXFileReference section */
		C6B75314250BB6F400D1AFED /* TableView Drag And Drop API.app */ = {isa = PBXFileReference; explicitFileType = wrapper.application; includeInIndex = 0; path = "TableView Drag And Drop API.app"; sourceTree = BUILT_PRODUCTS_DIR; };
		C6B75317250BB6F400D1AFED /* AppDelegate.swift */ = {isa = PBXFileReference; lastKnownFileType = sourcecode.swift; path = AppDelegate.swift; sourceTree = "<group>"; };
		C6B75319250BB6F400D1AFED /* SceneDelegate.swift */ = {isa = PBXFileReference; lastKnownFileType = sourcecode.swift; path = SceneDelegate.swift; sourceTree = "<group>"; };
		C6B7531E250BB6F400D1AFED /* Base */ = {isa = PBXFileReference; lastKnownFileType = file.storyboard; name = Base; path = Base.lproj/Main.storyboard; sourceTree = "<group>"; };
		C6B75320250BB6F500D1AFED /* Assets.xcassets */ = {isa = PBXFileReference; lastKnownFileType = folder.assetcatalog; path = Assets.xcassets; sourceTree = "<group>"; };
		C6B75323250BB6F500D1AFED /* Base */ = {isa = PBXFileReference; lastKnownFileType = file.storyboard; name = Base; path = Base.lproj/LaunchScreen.storyboard; sourceTree = "<group>"; };
		C6B75325250BB6F500D1AFED /* Info.plist */ = {isa = PBXFileReference; lastKnownFileType = text.plist.xml; path = Info.plist; sourceTree = "<group>"; };
		C6B7532D250BB8F100D1AFED /* EmojiTableViewController.swift */ = {isa = PBXFileReference; lastKnownFileType = sourcecode.swift; path = EmojiTableViewController.swift; sourceTree = "<group>"; };
/* End PBXFileReference section */

/* Begin PBXFrameworksBuildPhase section */
		C6B75311250BB6F400D1AFED /* Frameworks */ = {
			isa = PBXFrameworksBuildPhase;
			buildActionMask = 2147483647;
			files = (
			);
			runOnlyForDeploymentPostprocessing = 0;
		};
/* End PBXFrameworksBuildPhase section */

/* Begin PBXGroup section */
		C6B7530B250BB6F400D1AFED = {
			isa = PBXGroup;
			children = (
				C6B75316250BB6F400D1AFED /* TableView Drag And Drop API */,
				C6B75315250BB6F400D1AFED /* Products */,
			);
			sourceTree = "<group>";
		};
		C6B75315250BB6F400D1AFED /* Products */ = {
			isa = PBXGroup;
			children = (
				C6B75314250BB6F400D1AFED /* TableView Drag And Drop API.app */,
			);
			name = Products;
			sourceTree = "<group>";
		};
		C6B75316250BB6F400D1AFED /* TableView Drag And Drop API */ = {
			isa = PBXGroup;
			children = (
				C6B75317250BB6F400D1AFED /* AppDelegate.swift */,
				C6B75319250BB6F400D1AFED /* SceneDelegate.swift */,
				C6B7531D250BB6F400D1AFED /* Main.storyboard */,
				C6B75320250BB6F500D1AFED /* Assets.xcassets */,
				C6B75322250BB6F500D1AFED /* LaunchScreen.storyboard */,
				C6B75325250BB6F500D1AFED /* Info.plist */,
				C6B7532D250BB8F100D1AFED /* EmojiTableViewController.swift */,
			);
			path = "TableView Drag And Drop API";
			sourceTree = "<group>";
		};
/* End PBXGroup section */

/* Begin PBXNativeTarget section */
		C6B75313250BB6F400D1AFED /* TableView Drag And Drop API */ = {
			isa = PBXNativeTarget;
			buildConfigurationList = C6B75328250BB6F500D1AFED /* Build configuration list for PBXNativeTarget "TableView Drag And Drop API" */;
			buildPhases = (
				C6B75310250BB6F400D1AFED /* Sources */,
				C6B75311250BB6F400D1AFED /* Frameworks */,
				C6B75312250BB6F400D1AFED /* Resources */,
			);
			buildRules = (
			);
			dependencies = (
			);
			name = "TableView Drag And Drop API";
			productName = "TableView Drag And Drop API";
			productReference = C6B75314250BB6F400D1AFED /* TableView Drag And Drop API.app */;
			productType = "com.apple.product-type.application";
		};
/* End PBXNativeTarget section */

/* Begin PBXProject section */
		C6B7530C250BB6F400D1AFED /* Project object */ = {
			isa = PBXProject;
			attributes = {
				LastSwiftUpdateCheck = 1170;
				LastUpgradeCheck = 1170;
				ORGANIZATIONNAME = DiRai;
				TargetAttributes = {
					C6B75313250BB6F400D1AFED = {
						CreatedOnToolsVersion = 11.7;
					};
				};
			};
			buildConfigurationList = C6B7530F250BB6F400D1AFED /* Build configuration list for PBXProject "TableView Drag And Drop API" */;
			compatibilityVersion = "Xcode 9.3";
			developmentRegion = en;
			hasScannedForEncodings = 0;
			knownRegions = (
				en,
				Base,
			);
			mainGroup = C6B7530B250BB6F400D1AFED;
			productRefGroup = C6B75315250BB6F400D1AFED /* Products */;
			projectDirPath = "";
			projectRoot = "";
			targets = (
				C6B75313250BB6F400D1AFED /* TableView Drag And Drop API */,
			);
		};
/* End PBXProject section */

/* Begin PBXResourcesBuildPhase section */
		C6B75312250BB6F400D1AFED /* Resources */ = {
			isa = PBXResourcesBuildPhase;
			buildActionMask = 2147483647;
			files = (
				C6B75324250BB6F500D1AFED /* LaunchScreen.storyboard in Resources */,
				C6B75321250BB6F500D1AFED /* Assets.xcassets in Resources */,
				C6B7531F250BB6F400D1AFED /* Main.storyboard in Resources */,
			);
			runOnlyForDeploymentPostprocessing = 0;
		};
/* End PBXResourcesBuildPhase section */

/* Begin PBXSourcesBuildPhase section */
		C6B75310250BB6F400D1AFED /* Sources */ = {
			isa = PBXSourcesBuildPhase;
			buildActionMask = 2147483647;
			files = (
				C6B75318250BB6F400D1AFED /* AppDelegate.swift in Sources */,
				C6B7532E250BB8F100D1AFED /* EmojiTableViewController.swift in Sources */,
				C6B7531A250BB6F400D1AFED /* SceneDelegate.swift in Sources */,
			);
			runOnlyForDeploymentPostprocessing = 0;
		};
/* End PBXSourcesBuildPhase section */

/* Begin PBXVariantGroup section */
		C6B7531D250BB6F400D1AFED /* Main.storyboard */ = {
			isa = PBXVariantGroup;
			children = (
				C6B7531E250BB6F400D1AFED /* Base */,
			);
			name = Main.storyboard;
			sourceTree = "<group>";
		};
		C6B75322250BB6F500D1AFED /* LaunchScreen.storyboard */ = {
			isa = PBXVariantGroup;
			children = (
				C6B75323250BB6F500D1AFED /* Base */,
			);
			name = LaunchScreen.storyboard;
			sourceTree = "<group>";
		};
/* End PBXVariantGroup section */

/* Begin XCBuildConfiguration section */
		C6B75326250BB6F500D1AFED /* Debug */ = {
			isa = XCBuildConfiguration;
			buildSettings = {
				ALWAYS_SEARCH_USER_PATHS = NO;
				CLANG_ANALYZER_NONNULL = YES;
				CLANG_ANALYZER_NUMBER_OBJECT_CONVERSION = YES_AGGRESSIVE;
				CLANG_CXX_LANGUAGE_STANDARD = "gnu++14";
				CLANG_CXX_LIBRARY = "libc++";
				CLANG_ENABLE_MODULES = YES;
				CLANG_ENABLE_OBJC_ARC = YES;
				CLANG_ENABLE_OBJC_WEAK = YES;
				CLANG_WARN_BLOCK_CAPTURE_AUTORELEASING = YES;
				CLANG_WARN_BOOL_CONVERSION = YES;
				CLANG_WARN_COMMA = YES;
				CLANG_WARN_CONSTANT_CONVERSION = YES;
				CLANG_WARN_DEPRECATED_OBJC_IMPLEMENTATIONS = YES;
				CLANG_WARN_DIRECT_OBJC_ISA_USAGE = YES_ERROR;
				CLANG_WARN_DOCUMENTATION_COMMENTS = YES;
				CLANG_WARN_EMPTY_BODY = YES;
				CLANG_WARN_ENUM_CONVERSION = YES;
				CLANG_WARN_INFINITE_RECURSION = YES;
				CLANG_WARN_INT_CONVERSION = YES;
				CLANG_WARN_NON_LITERAL_NULL_CONVERSION = YES;
				CLANG_WARN_OBJC_IMPLICIT_RETAIN_SELF = YES;
				CLANG_WARN_OBJC_LITERAL_CONVERSION = YES;
				CLANG_WARN_OBJC_ROOT_CLASS = YES_ERROR;
				CLANG_WARN_RANGE_LOOP_ANALYSIS = YES;
				CLANG_WARN_STRICT_PROTOTYPES = YES;
				CLANG_WARN_SUSPICIOUS_MOVE = YES;
				CLANG_WARN_UNGUARDED_AVAILABILITY = YES_AGGRESSIVE;
				CLANG_WARN_UNREACHABLE_CODE = YES;
				CLANG_WARN__DUPLICATE_METHOD_MATCH = YES;
				COPY_PHASE_STRIP = NO;
				DEBUG_INFORMATION_FORMAT = dwarf;
				ENABLE_STRICT_OBJC_MSGSEND = YES;
				ENABLE_TESTABILITY = YES;
				GCC_C_LANGUAGE_STANDARD = gnu11;
				GCC_DYNAMIC_NO_PIC = NO;
				GCC_NO_COMMON_BLOCKS = YES;
				GCC_OPTIMIZATION_LEVEL = 0;
				GCC_PREPROCESSOR_DEFINITIONS = (
					"DEBUG=1",
					"$(inherited)",
				);
				GCC_WARN_64_TO_32_BIT_CONVERSION = YES;
				GCC_WARN_ABOUT_RETURN_TYPE = YES_ERROR;
				GCC_WARN_UNDECLARED_SELECTOR = YES;
				GCC_WARN_UNINITIALIZED_AUTOS = YES_AGGRESSIVE;
				GCC_WARN_UNUSED_FUNCTION = YES;
				GCC_WARN_UNUSED_VARIABLE = YES;
				IPHONEOS_DEPLOYMENT_TARGET = 13.7;
				MTL_ENABLE_DEBUG_INFO = INCLUDE_SOURCE;
				MTL_FAST_MATH = YES;
				ONLY_ACTIVE_ARCH = YES;
				SDKROOT = iphoneos;
				SWIFT_ACTIVE_COMPILATION_CONDITIONS = DEBUG;
				SWIFT_OPTIMIZATION_LEVEL = "-Onone";
			};
			name = Debug;
		};
		C6B75327250BB6F500D1AFED /* Release */ = {
			isa = XCBuildConfiguration;
			buildSettings = {
				ALWAYS_SEARCH_USER_PATHS = NO;
				CLANG_ANALYZER_NONNULL = YES;
				CLANG_ANALYZER_NUMBER_OBJECT_CONVERSION = YES_AGGRESSIVE;
				CLANG_CXX_LANGUAGE_STANDARD = "gnu++14";
				CLANG_CXX_LIBRARY = "libc++";
				CLANG_ENABLE_MODULES = YES;
				CLANG_ENABLE_OBJC_ARC = YES;
				CLANG_ENABLE_OBJC_WEAK = YES;
				CLANG_WARN_BLOCK_CAPTURE_AUTORELEASING = YES;
				CLANG_WARN_BOOL_CONVERSION = YES;
				CLANG_WARN_COMMA = YES;
				CLANG_WARN_CONSTANT_CONVERSION = YES;
				CLANG_WARN_DEPRECATED_OBJC_IMPLEMENTATIONS = YES;
				CLANG_WARN_DIRECT_OBJC_ISA_USAGE = YES_ERROR;
				CLANG_WARN_DOCUMENTATION_COMMENTS = YES;
				CLANG_WARN_EMPTY_BODY = YES;
				CLANG_WARN_ENUM_CONVERSION = YES;
				CLANG_WARN_INFINITE_RECURSION = YES;
				CLANG_WARN_INT_CONVERSION = YES;
				CLANG_WARN_NON_LITERAL_NULL_CONVERSION = YES;
				CLANG_WARN_OBJC_IMPLICIT_RETAIN_SELF = YES;
				CLANG_WARN_OBJC_LITERAL_CONVERSION = YES;
				CLANG_WARN_OBJC_ROOT_CLASS = YES_ERROR;
				CLANG_WARN_RANGE_LOOP_ANALYSIS = YES;
				CLANG_WARN_STRICT_PROTOTYPES = YES;
				CLANG_WARN_SUSPICIOUS_MOVE = YES;
				CLANG_WARN_UNGUARDED_AVAILABILITY = YES_AGGRESSIVE;
				CLANG_WARN_UNREACHABLE_CODE = YES;
				CLANG_WARN__DUPLICATE_METHOD_MATCH = YES;
				COPY_PHASE_STRIP = NO;
				DEBUG_INFORMATION_FORMAT = "dwarf-with-dsym";
				ENABLE_NS_ASSERTIONS = NO;
				ENABLE_STRICT_OBJC_MSGSEND = YES;
				GCC_C_LANGUAGE_STANDARD = gnu11;
				GCC_NO_COMMON_BLOCKS = YES;
				GCC_WARN_64_TO_32_BIT_CONVERSION = YES;
				GCC_WARN_ABOUT_RETURN_TYPE = YES_ERROR;
				GCC_WARN_UNDECLARED_SELECTOR = YES;
				GCC_WARN_UNINITIALIZED_AUTOS = YES_AGGRESSIVE;
				GCC_WARN_UNUSED_FUNCTION = YES;
				GCC_WARN_UNUSED_VARIABLE = YES;
				IPHONEOS_DEPLOYMENT_TARGET = 13.7;
				MTL_ENABLE_DEBUG_INFO = NO;
				MTL_FAST_MATH = YES;
				SDKROOT = iphoneos;
				SWIFT_COMPILATION_MODE = wholemodule;
				SWIFT_OPTIMIZATION_LEVEL = "-O";
				VALIDATE_PRODUCT = YES;
			};
			name = Release;
		};
		C6B75329250BB6F500D1AFED /* Debug */ = {
			isa = XCBuildConfiguration;
			buildSettings = {
				ASSETCATALOG_COMPILER_APPICON_NAME = AppIcon;
				CODE_SIGN_STYLE = Automatic;
				INFOPLIST_FILE = "TableView Drag And Drop API/Info.plist";
				LD_RUNPATH_SEARCH_PATHS = (
					"$(inherited)",
					"@executable_path/Frameworks",
				);
				PRODUCT_BUNDLE_IDENTIFIER = "com.dirai.TableView-Drag-And-Drop-API";
				PRODUCT_NAME = "$(TARGET_NAME)";
				SWIFT_VERSION = 5.0;
				TARGETED_DEVICE_FAMILY = 1;
			};
			name = Debug;
		};
		C6B7532A250BB6F500D1AFED /* Release */ = {
			isa = XCBuildConfiguration;
			buildSettings = {
				ASSETCATALOG_COMPILER_APPICON_NAME = AppIcon;
				CODE_SIGN_STYLE = Automatic;
				INFOPLIST_FILE = "TableView Drag And Drop API/Info.plist";
				LD_RUNPATH_SEARCH_PATHS = (
					"$(inherited)",
					"@executable_path/Frameworks",
				);
				PRODUCT_BUNDLE_IDENTIFIER = "com.dirai.TableView-Drag-And-Drop-API";
				PRODUCT_NAME = "$(TARGET_NAME)";
				SWIFT_VERSION = 5.0;
				TARGETED_DEVICE_FAMILY = 1;
			};
			name = Release;
		};
/* End XCBuildConfiguration section */

/* Begin XCConfigurationList section */
		C6B7530F250BB6F400D1AFED /* Build configuration list for PBXProject "TableView Drag And Drop API" */ = {
			isa = XCConfigurationList;
			buildConfigurations = (
				C6B75326250BB6F500D1AFED /* Debug */,
				C6B75327250BB6F500D1AFED /* Release */,
			);
			defaultConfigurationIsVisible = 0;
			defaultConfigurationName = Release;
		};
		C6B75328250BB6F500D1AFED /* Build configuration list for PBXNativeTarget "TableView Drag And Drop API" */ = {
			isa = XCConfigurationList;
			buildConfigurations = (
				C6B75329250BB6F500D1AFED /* Debug */,
				C6B7532A250BB6F500D1AFED /* Release */,
			);
			defaultConfigurationIsVisible = 0;
			defaultConfigurationName = Release;
		};
/* End XCConfigurationList section */
	};
	rootObject = C6B7530C250BB6F400D1AFED /* Project object */;
}
